
Microsoft Visual Studio Solution File, Format Version 12.00
# Visual Studio Version 16
VisualStudioVersion = 16.0.29424.173
MinimumVisualStudioVersion = 10.0.40219.1
Project("{9A19103F-16F7-4668-BE54-9A1E7A4F7556}") = "ServerlessShoppingListWebApi", "ServerlessShoppingListWebApi\ServerlessShoppingListWebApi.csproj", "{97C08588-1CCD-42A1-B633-63E9710E9B8D}"
EndProject
Project("{9A19103F-16F7-4668-BE54-9A1E7A4F7556}") = "ServerlessShoppingListWebApi.Tests", "ServerlessShoppingListWebApi.Tests\ServerlessShoppingListWebApi.Tests.csproj", "{0084F4B8-5087-46CA-A6F7-3863E4AD2C3E}"
EndProject
Global
	GlobalSection(SolutionConfigurationPlatforms) = preSolution
		Debug|Any CPU = Debug|Any CPU
		Release|Any CPU = Release|Any CPU
	EndGlobalSection
	GlobalSection(ProjectConfigurationPlatforms) = postSolution
		{97C08588-1CCD-42A1-B633-63E9710E9B8D}.Debug|Any CPU.ActiveCfg = Debug|Any CPU
		{97C08588-1CCD-42A1-B633-63E9710E9B8D}.Debug|Any CPU.Build.0 = Debug|Any CPU
		{97C08588-1CCD-42A1-B633-63E9710E9B8D}.Release|Any CPU.ActiveCfg = Release|Any CPU
		{97C08588-1CCD-42A1-B633-63E9710E9B8D}.Release|Any CPU.Build.0 = Release|Any CPU
		{0084F4B8-5087-46CA-A6F7-3863E4AD2C3E}.Debug|Any CPU.ActiveCfg = Debug|Any CPU
		{0084F4B8-5087-46CA-A6F7-3863E4AD2C3E}.Debug|Any CPU.Build.0 = Debug|Any CPU
		{0084F4B8-5087-46CA-A6F7-3863E4AD2C3E}.Release|Any CPU.ActiveCfg = Release|Any CPU
		{0084F4B8-5087-46CA-A6F7-3863E4AD2C3E}.Release|Any CPU.Build.0 = Release|Any CPU
	EndGlobalSection
	GlobalSection(SolutionProperties) = preSolution
		HideSolutionNode = FALSE
	EndGlobalSection
	GlobalSection(ExtensibilityGlobals) = postSolution
		SolutionGuid = {DCEE76FE-D8EA-4B1E-85E2-7FF01F72AAD0}
	EndGlobalSection
EndGlobal
